
Microsoft Visual Studio Solution File, Format Version 12.00
# Visual Studio Version 17
VisualStudioVersion = 17.0.31912.275
MinimumVisualStudioVersion = 10.0.40219.1
Project("{2150E333-8FDC-42A3-9474-1A3956D46DE8}") = "InterfaceAdapter", "InterfaceAdapter", "{9F556013-8035-492E-832F-814F32C0981E}"
EndProject
Project("{2150E333-8FDC-42A3-9474-1A3956D46DE8}") = "Gateways", "Gateways", "{2C778CBF-3A65-4B53-86EB-8F1F295A5FDF}"
EndProject
Project("{9A19103F-16F7-4668-BE54-9A1E7A4F7556}") = "RepositoryEf", "RepositoryEf\RepositoryEf.csproj", "{6113DB4E-9108-4C58-94B9-CD2ED6174AC3}"
EndProject
Project("{2150E333-8FDC-42A3-9474-1A3956D46DE8}") = "EnterpriseBusinessRules", "EnterpriseBusinessRules", "{1EAA868F-1907-4C0D-BABA-0916F00BD7DC}"
EndProject
Project("{FAE04EC0-301F-11D3-BF4B-00C04F79EFBC}") = "Entities", "Entities\Entities.csproj", "{26E3EBDF-2939-4EC9-8EE4-4231DCD6C93E}"
EndProject
Project("{2150E333-8FDC-42A3-9474-1A3956D46DE8}") = "ApplicationBusinessRules", "ApplicationBusinessRules", "{6B8038D8-F756-4A2D-BC84-B0B7286E910B}"
EndProject
Project("{FAE04EC0-301F-11D3-BF4B-00C04F79EFBC}") = "Dtos", "Dtos\Dtos.csproj", "{BA80FE67-31D2-4198-BE49-A1CF67D9E4E3}"
EndProject
Project("{FAE04EC0-301F-11D3-BF4B-00C04F79EFBC}") = "UseCases", "UseCases\UseCases.csproj", "{B404ED86-F456-49E2-A086-5B446EEFBFCA}"
EndProject
Project("{FAE04EC0-301F-11D3-BF4B-00C04F79EFBC}") = "UsesCasesPorts", "UsesCasesPorts\UsesCasesPorts.csproj", "{0AB8C877-F427-4A4A-8698-EF3ECF104907}"
EndProject
Project("{2150E333-8FDC-42A3-9474-1A3956D46DE8}") = "Frameworks", "Frameworks", "{017C51E3-6A97-40F1-A44F-80DFFC36C10D}"
EndProject
Project("{2150E333-8FDC-42A3-9474-1A3956D46DE8}") = "UIS", "UIS", "{0A75FCE7-34A9-4280-AB8D-97A989BEED5E}"
EndProject
Project("{FAE04EC0-301F-11D3-BF4B-00C04F79EFBC}") = "Api", "Api\Api.csproj", "{7A80904F-991B-489C-9CA0-573C33221D6A}"
EndProject
Project("{FAE04EC0-301F-11D3-BF4B-00C04F79EFBC}") = "IoC", "IoC\IoC.csproj", "{D3B7876D-B12A-482D-898E-955E259BBAD8}"
EndProject
Project("{2150E333-8FDC-42A3-9474-1A3956D46DE8}") = "Presenters", "Presenters", "{1D769CE0-2961-46F9-A79E-007B75545693}"
EndProject
Project("{FAE04EC0-301F-11D3-BF4B-00C04F79EFBC}") = "Presenters", "Presenters\Presenters.csproj", "{9C86EB6F-2222-47B5-8452-FA468477C604}"
EndProject
Project("{2150E333-8FDC-42A3-9474-1A3956D46DE8}") = "Controllers", "Controllers", "{B6C8BFB5-C8AB-4C82-B499-11A4AD9996F5}"
EndProject
Project("{FAE04EC0-301F-11D3-BF4B-00C04F79EFBC}") = "Controllers", "Controllers\Controllers.csproj", "{4C7C93E1-75B4-4136-85F0-57F444A0CFEB}"
EndProject
Global
	GlobalSection(SolutionConfigurationPlatforms) = preSolution
		Debug|Any CPU = Debug|Any CPU
		Release|Any CPU = Release|Any CPU
	EndGlobalSection
	GlobalSection(ProjectConfigurationPlatforms) = postSolution
		{6113DB4E-9108-4C58-94B9-CD2ED6174AC3}.Debug|Any CPU.ActiveCfg = Debug|Any CPU
		{6113DB4E-9108-4C58-94B9-CD2ED6174AC3}.Debug|Any CPU.Build.0 = Debug|Any CPU
		{6113DB4E-9108-4C58-94B9-CD2ED6174AC3}.Release|Any CPU.ActiveCfg = Release|Any CPU
		{6113DB4E-9108-4C58-94B9-CD2ED6174AC3}.Release|Any CPU.Build.0 = Release|Any CPU
		{26E3EBDF-2939-4EC9-8EE4-4231DCD6C93E}.Debug|Any CPU.ActiveCfg = Debug|Any CPU
		{26E3EBDF-2939-4EC9-8EE4-4231DCD6C93E}.Debug|Any CPU.Build.0 = Debug|Any CPU
		{26E3EBDF-2939-4EC9-8EE4-4231DCD6C93E}.Release|Any CPU.ActiveCfg = Release|Any CPU
		{26E3EBDF-2939-4EC9-8EE4-4231DCD6C93E}.Release|Any CPU.Build.0 = Release|Any CPU
		{BA80FE67-31D2-4198-BE49-A1CF67D9E4E3}.Debug|Any CPU.ActiveCfg = Debug|Any CPU
		{BA80FE67-31D2-4198-BE49-A1CF67D9E4E3}.Debug|Any CPU.Build.0 = Debug|Any CPU
		{BA80FE67-31D2-4198-BE49-A1CF67D9E4E3}.Release|Any CPU.ActiveCfg = Release|Any CPU
		{BA80FE67-31D2-4198-BE49-A1CF67D9E4E3}.Release|Any CPU.Build.0 = Release|Any CPU
		{B404ED86-F456-49E2-A086-5B446EEFBFCA}.Debug|Any CPU.ActiveCfg = Debug|Any CPU
		{B404ED86-F456-49E2-A086-5B446EEFBFCA}.Debug|Any CPU.Build.0 = Debug|Any CPU
		{B404ED86-F456-49E2-A086-5B446EEFBFCA}.Release|Any CPU.ActiveCfg = Release|Any CPU
		{B404ED86-F456-49E2-A086-5B446EEFBFCA}.Release|Any CPU.Build.0 = Release|Any CPU
		{0AB8C877-F427-4A4A-8698-EF3ECF104907}.Debug|Any CPU.ActiveCfg = Debug|Any CPU
		{0AB8C877-F427-4A4A-8698-EF3ECF104907}.Debug|Any CPU.Build.0 = Debug|Any CPU
		{0AB8C877-F427-4A4A-8698-EF3ECF104907}.Release|Any CPU.ActiveCfg = Release|Any CPU
		{0AB8C877-F427-4A4A-8698-EF3ECF104907}.Release|Any CPU.Build.0 = Release|Any CPU
		{7A80904F-991B-489C-9CA0-573C33221D6A}.Debug|Any CPU.ActiveCfg = Debug|Any CPU
		{7A80904F-991B-489C-9CA0-573C33221D6A}.Debug|Any CPU.Build.0 = Debug|Any CPU
		{7A80904F-991B-489C-9CA0-573C33221D6A}.Release|Any CPU.ActiveCfg = Release|Any CPU
		{7A80904F-991B-489C-9CA0-573C33221D6A}.Release|Any CPU.Build.0 = Release|Any CPU
		{D3B7876D-B12A-482D-898E-955E259BBAD8}.Debug|Any CPU.ActiveCfg = Debug|Any CPU
		{D3B7876D-B12A-482D-898E-955E259BBAD8}.Debug|Any CPU.Build.0 = Debug|Any CPU
		{D3B7876D-B12A-482D-898E-955E259BBAD8}.Release|Any CPU.ActiveCfg = Release|Any CPU
		{D3B7876D-B12A-482D-898E-955E259BBAD8}.Release|Any CPU.Build.0 = Release|Any CPU
		{9C86EB6F-2222-47B5-8452-FA468477C604}.Debug|Any CPU.ActiveCfg = Debug|Any CPU
		{9C86EB6F-2222-47B5-8452-FA468477C604}.Debug|Any CPU.Build.0 = Debug|Any CPU
		{9C86EB6F-2222-47B5-8452-FA468477C604}.Release|Any CPU.ActiveCfg = Release|Any CPU
		{9C86EB6F-2222-47B5-8452-FA468477C604}.Release|Any CPU.Build.0 = Release|Any CPU
		{4C7C93E1-75B4-4136-85F0-57F444A0CFEB}.Debug|Any CPU.ActiveCfg = Debug|Any CPU
		{4C7C93E1-75B4-4136-85F0-57F444A0CFEB}.Debug|Any CPU.Build.0 = Debug|Any CPU
		{4C7C93E1-75B4-4136-85F0-57F444A0CFEB}.Release|Any CPU.ActiveCfg = Release|Any CPU
		{4C7C93E1-75B4-4136-85F0-57F444A0CFEB}.Release|Any CPU.Build.0 = Release|Any CPU
	EndGlobalSection
	GlobalSection(SolutionProperties) = preSolution
		HideSolutionNode = FALSE
	EndGlobalSection
	GlobalSection(NestedProjects) = preSolution
		{2C778CBF-3A65-4B53-86EB-8F1F295A5FDF} = {9F556013-8035-492E-832F-814F32C0981E}
		{6113DB4E-9108-4C58-94B9-CD2ED6174AC3} = {2C778CBF-3A65-4B53-86EB-8F1F295A5FDF}
		{26E3EBDF-2939-4EC9-8EE4-4231DCD6C93E} = {1EAA868F-1907-4C0D-BABA-0916F00BD7DC}
		{BA80FE67-31D2-4198-BE49-A1CF67D9E4E3} = {6B8038D8-F756-4A2D-BC84-B0B7286E910B}
		{B404ED86-F456-49E2-A086-5B446EEFBFCA} = {6B8038D8-F756-4A2D-BC84-B0B7286E910B}
		{0AB8C877-F427-4A4A-8698-EF3ECF104907} = {6B8038D8-F756-4A2D-BC84-B0B7286E910B}
		{0A75FCE7-34A9-4280-AB8D-97A989BEED5E} = {017C51E3-6A97-40F1-A44F-80DFFC36C10D}
		{7A80904F-991B-489C-9CA0-573C33221D6A} = {0A75FCE7-34A9-4280-AB8D-97A989BEED5E}
		{D3B7876D-B12A-482D-898E-955E259BBAD8} = {2C778CBF-3A65-4B53-86EB-8F1F295A5FDF}
		{1D769CE0-2961-46F9-A79E-007B75545693} = {9F556013-8035-492E-832F-814F32C0981E}
		{9C86EB6F-2222-47B5-8452-FA468477C604} = {1D769CE0-2961-46F9-A79E-007B75545693}
		{B6C8BFB5-C8AB-4C82-B499-11A4AD9996F5} = {9F556013-8035-492E-832F-814F32C0981E}
		{4C7C93E1-75B4-4136-85F0-57F444A0CFEB} = {B6C8BFB5-C8AB-4C82-B499-11A4AD9996F5}
	EndGlobalSection
	GlobalSection(ExtensibilityGlobals) = postSolution
		SolutionGuid = {2B92C49E-1E1B-4218-8DD8-8FC3C18FF744}
	EndGlobalSection
EndGlobal
